
Microsoft Visual Studio Solution File, Format Version 12.00
# Visual Studio 2012
Project("{FAE04EC0-301F-11D3-BF4B-00C04F79EFBC}") = "CarChooser.Web", "CarChooser\CarChooser.Web.csproj", "{8DBF9DA8-5531-4853-A088-F5C35389861B}"
EndProject
Project("{FAE04EC0-301F-11D3-BF4B-00C04F79EFBC}") = "CarChooser.Domain", "CarChooser.Domain\CarChooser.Domain.csproj", "{90A12D25-7C29-48D4-9D48-80996C2EC9D2}"
EndProject
Project("{FAE04EC0-301F-11D3-BF4B-00C04F79EFBC}") = "CarChooser.Data", "CarChooser.Data\CarChooser.Data.csproj", "{9FBA4143-0193-4E14-8E3E-67720D6FA704}"
EndProject
Project("{FAE04EC0-301F-11D3-BF4B-00C04F79EFBC}") = "CarChooser.UnitTests", "CarChooser.UnitTests\CarChooser.UnitTests.csproj", "{CF4F2472-A9A1-4F8F-8FA4-423CF6FBFB53}"
EndProject
Project("{FAE04EC0-301F-11D3-BF4B-00C04F79EFBC}") = "CarChooser.AcceptanceTests", "CarChooser.AcceptanceTests\CarChooser.AcceptanceTests.csproj", "{493F04A6-660F-4F3E-AC9B-1B5FE428F8AD}"
EndProject
Project("{FAE04EC0-301F-11D3-BF4B-00C04F79EFBC}") = "DataImporter", "DataImporter\DataImporter.csproj", "{D5B03C66-BE66-4D82-A926-FC0F40EE4C99}"
EndProject
Project("{2150E333-8FDC-42A3-9474-1A3956D46DE8}") = "Tests", "Tests", "{0E4A6340-2640-4CB0-9FCD-50C5A775AD1E}"
EndProject
Project("{FAE04EC0-301F-11D3-BF4B-00C04F79EFBC}") = "DataMigrator", "DataMigrator\DataMigrator.csproj", "{170D8B12-2070-4DA8-8AF1-C32F66153316}"
EndProject
Global
	GlobalSection(SolutionConfigurationPlatforms) = preSolution
		Debug|Any CPU = Debug|Any CPU
		Debug|ARM = Debug|ARM
		Debug|x86 = Debug|x86
		Release|Any CPU = Release|Any CPU
		Release|ARM = Release|ARM
		Release|x86 = Release|x86
	EndGlobalSection
	GlobalSection(ProjectConfigurationPlatforms) = postSolution
		{8DBF9DA8-5531-4853-A088-F5C35389861B}.Debug|Any CPU.ActiveCfg = Debug|Any CPU
		{8DBF9DA8-5531-4853-A088-F5C35389861B}.Debug|Any CPU.Build.0 = Debug|Any CPU
		{8DBF9DA8-5531-4853-A088-F5C35389861B}.Debug|ARM.ActiveCfg = Debug|Any CPU
		{8DBF9DA8-5531-4853-A088-F5C35389861B}.Debug|x86.ActiveCfg = Debug|Any CPU
		{8DBF9DA8-5531-4853-A088-F5C35389861B}.Release|Any CPU.ActiveCfg = Release|Any CPU
		{8DBF9DA8-5531-4853-A088-F5C35389861B}.Release|Any CPU.Build.0 = Release|Any CPU
		{8DBF9DA8-5531-4853-A088-F5C35389861B}.Release|ARM.ActiveCfg = Release|Any CPU
		{8DBF9DA8-5531-4853-A088-F5C35389861B}.Release|x86.ActiveCfg = Release|Any CPU
		{90A12D25-7C29-48D4-9D48-80996C2EC9D2}.Debug|Any CPU.ActiveCfg = Debug|Any CPU
		{90A12D25-7C29-48D4-9D48-80996C2EC9D2}.Debug|Any CPU.Build.0 = Debug|Any CPU
		{90A12D25-7C29-48D4-9D48-80996C2EC9D2}.Debug|ARM.ActiveCfg = Debug|Any CPU
		{90A12D25-7C29-48D4-9D48-80996C2EC9D2}.Debug|x86.ActiveCfg = Debug|Any CPU
		{90A12D25-7C29-48D4-9D48-80996C2EC9D2}.Release|Any CPU.ActiveCfg = Release|Any CPU
		{90A12D25-7C29-48D4-9D48-80996C2EC9D2}.Release|Any CPU.Build.0 = Release|Any CPU
		{90A12D25-7C29-48D4-9D48-80996C2EC9D2}.Release|ARM.ActiveCfg = Release|Any CPU
		{90A12D25-7C29-48D4-9D48-80996C2EC9D2}.Release|x86.ActiveCfg = Release|Any CPU
		{9FBA4143-0193-4E14-8E3E-67720D6FA704}.Debug|Any CPU.ActiveCfg = Debug|Any CPU
		{9FBA4143-0193-4E14-8E3E-67720D6FA704}.Debug|Any CPU.Build.0 = Debug|Any CPU
		{9FBA4143-0193-4E14-8E3E-67720D6FA704}.Debug|ARM.ActiveCfg = Debug|Any CPU
		{9FBA4143-0193-4E14-8E3E-67720D6FA704}.Debug|x86.ActiveCfg = Debug|Any CPU
		{9FBA4143-0193-4E14-8E3E-67720D6FA704}.Release|Any CPU.ActiveCfg = Release|Any CPU
		{9FBA4143-0193-4E14-8E3E-67720D6FA704}.Release|Any CPU.Build.0 = Release|Any CPU
		{9FBA4143-0193-4E14-8E3E-67720D6FA704}.Release|ARM.ActiveCfg = Release|Any CPU
		{9FBA4143-0193-4E14-8E3E-67720D6FA704}.Release|x86.ActiveCfg = Release|Any CPU
		{CF4F2472-A9A1-4F8F-8FA4-423CF6FBFB53}.Debug|Any CPU.ActiveCfg = Debug|Any CPU
		{CF4F2472-A9A1-4F8F-8FA4-423CF6FBFB53}.Debug|Any CPU.Build.0 = Debug|Any CPU
		{CF4F2472-A9A1-4F8F-8FA4-423CF6FBFB53}.Debug|ARM.ActiveCfg = Debug|Any CPU
		{CF4F2472-A9A1-4F8F-8FA4-423CF6FBFB53}.Debug|x86.ActiveCfg = Debug|Any CPU
		{CF4F2472-A9A1-4F8F-8FA4-423CF6FBFB53}.Release|Any CPU.ActiveCfg = Release|Any CPU
		{CF4F2472-A9A1-4F8F-8FA4-423CF6FBFB53}.Release|Any CPU.Build.0 = Release|Any CPU
		{CF4F2472-A9A1-4F8F-8FA4-423CF6FBFB53}.Release|ARM.ActiveCfg = Release|Any CPU
		{CF4F2472-A9A1-4F8F-8FA4-423CF6FBFB53}.Release|x86.ActiveCfg = Release|Any CPU
		{493F04A6-660F-4F3E-AC9B-1B5FE428F8AD}.Debug|Any CPU.ActiveCfg = Debug|Any CPU
		{493F04A6-660F-4F3E-AC9B-1B5FE428F8AD}.Debug|Any CPU.Build.0 = Debug|Any CPU
		{493F04A6-660F-4F3E-AC9B-1B5FE428F8AD}.Debug|ARM.ActiveCfg = Debug|Any CPU
		{493F04A6-660F-4F3E-AC9B-1B5FE428F8AD}.Debug|x86.ActiveCfg = Debug|Any CPU
		{493F04A6-660F-4F3E-AC9B-1B5FE428F8AD}.Release|Any CPU.ActiveCfg = Release|Any CPU
		{493F04A6-660F-4F3E-AC9B-1B5FE428F8AD}.Release|Any CPU.Build.0 = Release|Any CPU
		{493F04A6-660F-4F3E-AC9B-1B5FE428F8AD}.Release|ARM.ActiveCfg = Release|Any CPU
		{493F04A6-660F-4F3E-AC9B-1B5FE428F8AD}.Release|x86.ActiveCfg = Release|Any CPU
		{D5B03C66-BE66-4D82-A926-FC0F40EE4C99}.Debug|Any CPU.ActiveCfg = Debug|Any CPU
		{D5B03C66-BE66-4D82-A926-FC0F40EE4C99}.Debug|Any CPU.Build.0 = Debug|Any CPU
		{D5B03C66-BE66-4D82-A926-FC0F40EE4C99}.Debug|ARM.ActiveCfg = Debug|Any CPU
		{D5B03C66-BE66-4D82-A926-FC0F40EE4C99}.Debug|x86.ActiveCfg = Debug|Any CPU
		{D5B03C66-BE66-4D82-A926-FC0F40EE4C99}.Release|Any CPU.ActiveCfg = Release|Any CPU
		{D5B03C66-BE66-4D82-A926-FC0F40EE4C99}.Release|Any CPU.Build.0 = Release|Any CPU
		{D5B03C66-BE66-4D82-A926-FC0F40EE4C99}.Release|ARM.ActiveCfg = Release|Any CPU
		{D5B03C66-BE66-4D82-A926-FC0F40EE4C99}.Release|x86.ActiveCfg = Release|Any CPU
		{170D8B12-2070-4DA8-8AF1-C32F66153316}.Debug|Any CPU.ActiveCfg = Debug|Any CPU
		{170D8B12-2070-4DA8-8AF1-C32F66153316}.Debug|Any CPU.Build.0 = Debug|Any CPU
		{170D8B12-2070-4DA8-8AF1-C32F66153316}.Debug|ARM.ActiveCfg = Debug|Any CPU
		{170D8B12-2070-4DA8-8AF1-C32F66153316}.Debug|x86.ActiveCfg = Debug|Any CPU
		{170D8B12-2070-4DA8-8AF1-C32F66153316}.Release|Any CPU.ActiveCfg = Release|Any CPU
		{170D8B12-2070-4DA8-8AF1-C32F66153316}.Release|Any CPU.Build.0 = Release|Any CPU
		{170D8B12-2070-4DA8-8AF1-C32F66153316}.Release|ARM.ActiveCfg = Release|Any CPU
		{170D8B12-2070-4DA8-8AF1-C32F66153316}.Release|x86.ActiveCfg = Release|Any CPU
	EndGlobalSection
	GlobalSection(SolutionProperties) = preSolution
		HideSolutionNode = FALSE
	EndGlobalSection
	GlobalSection(NestedProjects) = preSolution
		{493F04A6-660F-4F3E-AC9B-1B5FE428F8AD} = {0E4A6340-2640-4CB0-9FCD-50C5A775AD1E}
		{CF4F2472-A9A1-4F8F-8FA4-423CF6FBFB53} = {0E4A6340-2640-4CB0-9FCD-50C5A775AD1E}
	EndGlobalSection
	GlobalSection(Performance) = preSolution
		HasPerformanceSessions = true
	EndGlobalSection
EndGlobal
